# generated by rye
# use `rye lock` or `rye sync` to update this lockfile
#
# last locked with the following flags:
#   pre: false
#   features: []
#   all-features: false
#   with-sources: false

-e file:.
kaleido==0.2.1
    # via python-graph-practice
packaging==24.1
    # via plotly
plotly==5.22.0
    # via python-graph-practice
polars==1.0.0
    # via python-graph-practice
tenacity==8.4.2
    # via plotly
